
Microsoft Visual Studio Solution File, Format Version 12.00
# Visual Studio 15
VisualStudioVersion = 15.0.26124.0
MinimumVisualStudioVersion = 15.0.26124.0
Project("{2150E333-8FDC-42A3-9474-1A3956D46DE8}") = "src", "src", "{A386CB78-B242-4BD7-BC70-1ED68B2F92E7}"
EndProject
Project("{FAE04EC0-301F-11D3-BF4B-00C04F79EFBC}") = "Domain", "src\Domain\Domain.csproj", "{4E8D7139-DAD8-49D9-8483-AA70B2499AC8}"
EndProject
Project("{2150E333-8FDC-42A3-9474-1A3956D46DE8}") = "tests", "tests", "{FA41C489-8257-4728-BEF5-1D37AB26B837}"
EndProject
Project("{FAE04EC0-301F-11D3-BF4B-00C04F79EFBC}") = "Domain.Tests", "tests\Domain.Tests\Domain.Tests.csproj", "{458C8771-6852-42B1-B000-FEA2A3607EC6}"
EndProject
Project("{FAE04EC0-301F-11D3-BF4B-00C04F79EFBC}") = "Shared", "src\Shared\Shared.csproj", "{0728488F-37E4-4482-A644-DB89D6F62C1F}"
EndProject
Project("{2150E333-8FDC-42A3-9474-1A3956D46DE8}") = "Views", "Views", "{F96D7B9E-B372-43C2-899A-5848D70F4AB0}"
EndProject
Project("{FAE04EC0-301F-11D3-BF4B-00C04F79EFBC}") = "ConsoleApp", "src\Views\ConsoleApp\ConsoleApp.csproj", "{4B2C7473-6857-4402-812A-301054826A66}"
EndProject
Global
	GlobalSection(SolutionConfigurationPlatforms) = preSolution
		Debug|Any CPU = Debug|Any CPU
		Debug|x64 = Debug|x64
		Debug|x86 = Debug|x86
		Release|Any CPU = Release|Any CPU
		Release|x64 = Release|x64
		Release|x86 = Release|x86
	EndGlobalSection
	GlobalSection(SolutionProperties) = preSolution
		HideSolutionNode = FALSE
	EndGlobalSection
	GlobalSection(ProjectConfigurationPlatforms) = postSolution
		{4E8D7139-DAD8-49D9-8483-AA70B2499AC8}.Debug|Any CPU.ActiveCfg = Debug|Any CPU
		{4E8D7139-DAD8-49D9-8483-AA70B2499AC8}.Debug|Any CPU.Build.0 = Debug|Any CPU
		{4E8D7139-DAD8-49D9-8483-AA70B2499AC8}.Debug|x64.ActiveCfg = Debug|Any CPU
		{4E8D7139-DAD8-49D9-8483-AA70B2499AC8}.Debug|x64.Build.0 = Debug|Any CPU
		{4E8D7139-DAD8-49D9-8483-AA70B2499AC8}.Debug|x86.ActiveCfg = Debug|Any CPU
		{4E8D7139-DAD8-49D9-8483-AA70B2499AC8}.Debug|x86.Build.0 = Debug|Any CPU
		{4E8D7139-DAD8-49D9-8483-AA70B2499AC8}.Release|Any CPU.ActiveCfg = Release|Any CPU
		{4E8D7139-DAD8-49D9-8483-AA70B2499AC8}.Release|Any CPU.Build.0 = Release|Any CPU
		{4E8D7139-DAD8-49D9-8483-AA70B2499AC8}.Release|x64.ActiveCfg = Release|Any CPU
		{4E8D7139-DAD8-49D9-8483-AA70B2499AC8}.Release|x64.Build.0 = Release|Any CPU
		{4E8D7139-DAD8-49D9-8483-AA70B2499AC8}.Release|x86.ActiveCfg = Release|Any CPU
		{4E8D7139-DAD8-49D9-8483-AA70B2499AC8}.Release|x86.Build.0 = Release|Any CPU
		{458C8771-6852-42B1-B000-FEA2A3607EC6}.Debug|Any CPU.ActiveCfg = Debug|Any CPU
		{458C8771-6852-42B1-B000-FEA2A3607EC6}.Debug|Any CPU.Build.0 = Debug|Any CPU
		{458C8771-6852-42B1-B000-FEA2A3607EC6}.Debug|x64.ActiveCfg = Debug|Any CPU
		{458C8771-6852-42B1-B000-FEA2A3607EC6}.Debug|x64.Build.0 = Debug|Any CPU
		{458C8771-6852-42B1-B000-FEA2A3607EC6}.Debug|x86.ActiveCfg = Debug|Any CPU
		{458C8771-6852-42B1-B000-FEA2A3607EC6}.Debug|x86.Build.0 = Debug|Any CPU
		{458C8771-6852-42B1-B000-FEA2A3607EC6}.Release|Any CPU.ActiveCfg = Release|Any CPU
		{458C8771-6852-42B1-B000-FEA2A3607EC6}.Release|Any CPU.Build.0 = Release|Any CPU
		{458C8771-6852-42B1-B000-FEA2A3607EC6}.Release|x64.ActiveCfg = Release|Any CPU
		{458C8771-6852-42B1-B000-FEA2A3607EC6}.Release|x64.Build.0 = Release|Any CPU
		{458C8771-6852-42B1-B000-FEA2A3607EC6}.Release|x86.ActiveCfg = Release|Any CPU
		{458C8771-6852-42B1-B000-FEA2A3607EC6}.Release|x86.Build.0 = Release|Any CPU
		{0728488F-37E4-4482-A644-DB89D6F62C1F}.Debug|Any CPU.ActiveCfg = Debug|Any CPU
		{0728488F-37E4-4482-A644-DB89D6F62C1F}.Debug|Any CPU.Build.0 = Debug|Any CPU
		{0728488F-37E4-4482-A644-DB89D6F62C1F}.Debug|x64.ActiveCfg = Debug|Any CPU
		{0728488F-37E4-4482-A644-DB89D6F62C1F}.Debug|x64.Build.0 = Debug|Any CPU
		{0728488F-37E4-4482-A644-DB89D6F62C1F}.Debug|x86.ActiveCfg = Debug|Any CPU
		{0728488F-37E4-4482-A644-DB89D6F62C1F}.Debug|x86.Build.0 = Debug|Any CPU
		{0728488F-37E4-4482-A644-DB89D6F62C1F}.Release|Any CPU.ActiveCfg = Release|Any CPU
		{0728488F-37E4-4482-A644-DB89D6F62C1F}.Release|Any CPU.Build.0 = Release|Any CPU
		{0728488F-37E4-4482-A644-DB89D6F62C1F}.Release|x64.ActiveCfg = Release|Any CPU
		{0728488F-37E4-4482-A644-DB89D6F62C1F}.Release|x64.Build.0 = Release|Any CPU
		{0728488F-37E4-4482-A644-DB89D6F62C1F}.Release|x86.ActiveCfg = Release|Any CPU
		{0728488F-37E4-4482-A644-DB89D6F62C1F}.Release|x86.Build.0 = Release|Any CPU
		{4B2C7473-6857-4402-812A-301054826A66}.Debug|Any CPU.ActiveCfg = Debug|Any CPU
		{4B2C7473-6857-4402-812A-301054826A66}.Debug|Any CPU.Build.0 = Debug|Any CPU
		{4B2C7473-6857-4402-812A-301054826A66}.Debug|x64.ActiveCfg = Debug|Any CPU
		{4B2C7473-6857-4402-812A-301054826A66}.Debug|x64.Build.0 = Debug|Any CPU
		{4B2C7473-6857-4402-812A-301054826A66}.Debug|x86.ActiveCfg = Debug|Any CPU
		{4B2C7473-6857-4402-812A-301054826A66}.Debug|x86.Build.0 = Debug|Any CPU
		{4B2C7473-6857-4402-812A-301054826A66}.Release|Any CPU.ActiveCfg = Release|Any CPU
		{4B2C7473-6857-4402-812A-301054826A66}.Release|Any CPU.Build.0 = Release|Any CPU
		{4B2C7473-6857-4402-812A-301054826A66}.Release|x64.ActiveCfg = Release|Any CPU
		{4B2C7473-6857-4402-812A-301054826A66}.Release|x64.Build.0 = Release|Any CPU
		{4B2C7473-6857-4402-812A-301054826A66}.Release|x86.ActiveCfg = Release|Any CPU
		{4B2C7473-6857-4402-812A-301054826A66}.Release|x86.Build.0 = Release|Any CPU
	EndGlobalSection
	GlobalSection(NestedProjects) = preSolution
		{4E8D7139-DAD8-49D9-8483-AA70B2499AC8} = {A386CB78-B242-4BD7-BC70-1ED68B2F92E7}
		{458C8771-6852-42B1-B000-FEA2A3607EC6} = {FA41C489-8257-4728-BEF5-1D37AB26B837}
		{0728488F-37E4-4482-A644-DB89D6F62C1F} = {A386CB78-B242-4BD7-BC70-1ED68B2F92E7}
		{F96D7B9E-B372-43C2-899A-5848D70F4AB0} = {A386CB78-B242-4BD7-BC70-1ED68B2F92E7}
		{4B2C7473-6857-4402-812A-301054826A66} = {F96D7B9E-B372-43C2-899A-5848D70F4AB0}
	EndGlobalSection
EndGlobal
